// !$*UTF8*$!
{
	archiveVersion = 1;
	classes = {
	};
	objectVersion = 50;
	objects = {

/* Begin PBXBuildFile section */
		8B858E4B2508A5AF003E19E2 /* AppDelegate.swift in Sources */ = {isa = PBXBuildFile; fileRef = 8B858E4A2508A5AF003E19E2 /* AppDelegate.swift */; };
		8B858E4D2508A5AF003E19E2 /* SceneDelegate.swift in Sources */ = {isa = PBXBuildFile; fileRef = 8B858E4C2508A5AF003E19E2 /* SceneDelegate.swift */; };
		8B858E522508A5AF003E19E2 /* Main.storyboard in Resources */ = {isa = PBXBuildFile; fileRef = 8B858E502508A5AF003E19E2 /* Main.storyboard */; };
		8B858E542508A5B4003E19E2 /* Assets.xcassets in Resources */ = {isa = PBXBuildFile; fileRef = 8B858E532508A5B4003E19E2 /* Assets.xcassets */; };
		8B858E572508A5B4003E19E2 /* LaunchScreen.storyboard in Resources */ = {isa = PBXBuildFile; fileRef = 8B858E552508A5B4003E19E2 /* LaunchScreen.storyboard */; };
		8B858E5F2508A603003E19E2 /* Meme.swift in Sources */ = {isa = PBXBuildFile; fileRef = 8B858E5E2508A603003E19E2 /* Meme.swift */; };
		8B858E612508A625003E19E2 /* textClearDelegate.swift in Sources */ = {isa = PBXBuildFile; fileRef = 8B858E602508A625003E19E2 /* textClearDelegate.swift */; };
		8B858E652508A718003E19E2 /* ViewController.swift in Sources */ = {isa = PBXBuildFile; fileRef = 8B858E642508A718003E19E2 /* ViewController.swift */; };
		8B858E672508A9CD003E19E2 /* MemeCollectionViewCell.swift in Sources */ = {isa = PBXBuildFile; fileRef = 8B858E662508A9CD003E19E2 /* MemeCollectionViewCell.swift */; };
		8B858E692508B014003E19E2 /* MemeCollectionViewController.swift in Sources */ = {isa = PBXBuildFile; fileRef = 8B858E682508B014003E19E2 /* MemeCollectionViewController.swift */; };
		8B858E6B2508B102003E19E2 /* DetailViewController.swift in Sources */ = {isa = PBXBuildFile; fileRef = 8B858E6A2508B102003E19E2 /* DetailViewController.swift */; };
		8B858E6D2508B42D003E19E2 /* MemesTableViewCell.swift in Sources */ = {isa = PBXBuildFile; fileRef = 8B858E6C2508B42D003E19E2 /* MemesTableViewCell.swift */; };
		8B858E6F2508B561003E19E2 /* MemesTableViewController.swift in Sources */ = {isa = PBXBuildFile; fileRef = 8B858E6E2508B561003E19E2 /* MemesTableViewController.swift */; };
		8B858E712508B6CF003E19E2 /* tabController.swift in Sources */ = {isa = PBXBuildFile; fileRef = 8B858E702508B6CF003E19E2 /* tabController.swift */; };
/* End PBXBuildFile section */

/* Begin PBXFileReference section */
		8B858E472508A5AF003E19E2 /* MemeMe v2 take 4.app */ = {isa = PBXFileReference; explicitFileType = wrapper.application; includeInIndex = 0; path = "MemeMe v2 take 4.app"; sourceTree = BUILT_PRODUCTS_DIR; };
		8B858E4A2508A5AF003E19E2 /* AppDelegate.swift */ = {isa = PBXFileReference; lastKnownFileType = sourcecode.swift; path = AppDelegate.swift; sourceTree = "<group>"; };
		8B858E4C2508A5AF003E19E2 /* SceneDelegate.swift */ = {isa = PBXFileReference; lastKnownFileType = sourcecode.swift; path = SceneDelegate.swift; sourceTree = "<group>"; };
		8B858E512508A5AF003E19E2 /* Base */ = {isa = PBXFileReference; lastKnownFileType = file.storyboard; name = Base; path = Base.lproj/Main.storyboard; sourceTree = "<group>"; };
		8B858E532508A5B4003E19E2 /* Assets.xcassets */ = {isa = PBXFileReference; lastKnownFileType = folder.assetcatalog; path = Assets.xcassets; sourceTree = "<group>"; };
		8B858E562508A5B4003E19E2 /* Base */ = {isa = PBXFileReference; lastKnownFileType = file.storyboard; name = Base; path = Base.lproj/LaunchScreen.storyboard; sourceTree = "<group>"; };
		8B858E582508A5B4003E19E2 /* Info.plist */ = {isa = PBXFileReference; lastKnownFileType = text.plist.xml; path = Info.plist; sourceTree = "<group>"; };
		8B858E5E2508A603003E19E2 /* Meme.swift */ = {isa = PBXFileReference; lastKnownFileType = sourcecode.swift; path = Meme.swift; sourceTree = "<group>"; };
		8B858E602508A625003E19E2 /* textClearDelegate.swift */ = {isa = PBXFileReference; lastKnownFileType = sourcecode.swift; path = textClearDelegate.swift; sourceTree = "<group>"; };
		8B858E642508A718003E19E2 /* ViewController.swift */ = {isa = PBXFileReference; lastKnownFileType = sourcecode.swift; path = ViewController.swift; sourceTree = "<group>"; };
		8B858E662508A9CD003E19E2 /* MemeCollectionViewCell.swift */ = {isa = PBXFileReference; lastKnownFileType = sourcecode.swift; path = MemeCollectionViewCell.swift; sourceTree = "<group>"; };
		8B858E682508B014003E19E2 /* MemeCollectionViewController.swift */ = {isa = PBXFileReference; lastKnownFileType = sourcecode.swift; path = MemeCollectionViewController.swift; sourceTree = "<group>"; };
		8B858E6A2508B102003E19E2 /* DetailViewController.swift */ = {isa = PBXFileReference; lastKnownFileType = sourcecode.swift; path = DetailViewController.swift; sourceTree = "<group>"; };
		8B858E6C2508B42D003E19E2 /* MemesTableViewCell.swift */ = {isa = PBXFileReference; lastKnownFileType = sourcecode.swift; path = MemesTableViewCell.swift; sourceTree = "<group>"; };
		8B858E6E2508B561003E19E2 /* MemesTableViewController.swift */ = {isa = PBXFileReference; lastKnownFileType = sourcecode.swift; path = MemesTableViewController.swift; sourceTree = "<group>"; };
		8B858E702508B6CF003E19E2 /* tabController.swift */ = {isa = PBXFileReference; lastKnownFileType = sourcecode.swift; path = tabController.swift; sourceTree = "<group>"; };
/* End PBXFileReference section */

/* Begin PBXFrameworksBuildPhase section */
		8B858E442508A5AF003E19E2 /* Frameworks */ = {
			isa = PBXFrameworksBuildPhase;
			buildActionMask = 2147483647;
			files = (
			);
			runOnlyForDeploymentPostprocessing = 0;
		};
/* End PBXFrameworksBuildPhase section */

/* Begin PBXGroup section */
		8B858E3E2508A5AF003E19E2 = {
			isa = PBXGroup;
			children = (
				8B858E702508B6CF003E19E2 /* tabController.swift */,
				8B858E6E2508B561003E19E2 /* MemesTableViewController.swift */,
				8B858E6C2508B42D003E19E2 /* MemesTableViewCell.swift */,
				8B858E6A2508B102003E19E2 /* DetailViewController.swift */,
				8B858E682508B014003E19E2 /* MemeCollectionViewController.swift */,
				8B858E662508A9CD003E19E2 /* MemeCollectionViewCell.swift */,
				8B858E642508A718003E19E2 /* ViewController.swift */,
				8B858E602508A625003E19E2 /* textClearDelegate.swift */,
				8B858E5E2508A603003E19E2 /* Meme.swift */,
				8B858E492508A5AF003E19E2 /* MemeMe v2 take 4 */,
				8B858E482508A5AF003E19E2 /* Products */,
			);
			sourceTree = "<group>";
		};
		8B858E482508A5AF003E19E2 /* Products */ = {
			isa = PBXGroup;
			children = (
				8B858E472508A5AF003E19E2 /* MemeMe v2 take 4.app */,
			);
			name = Products;
			sourceTree = "<group>";
		};
		8B858E492508A5AF003E19E2 /* MemeMe v2 take 4 */ = {
			isa = PBXGroup;
			children = (
				8B858E4A2508A5AF003E19E2 /* AppDelegate.swift */,
				8B858E4C2508A5AF003E19E2 /* SceneDelegate.swift */,
				8B858E502508A5AF003E19E2 /* Main.storyboard */,
				8B858E532508A5B4003E19E2 /* Assets.xcassets */,
				8B858E552508A5B4003E19E2 /* LaunchScreen.storyboard */,
				8B858E582508A5B4003E19E2 /* Info.plist */,
			);
			path = "MemeMe v2 take 4";
			sourceTree = "<group>";
		};
/* End PBXGroup section */

/* Begin PBXNativeTarget section */
		8B858E462508A5AF003E19E2 /* MemeMe v2 take 4 */ = {
			isa = PBXNativeTarget;
			buildConfigurationList = 8B858E5B2508A5B4003E19E2 /* Build configuration list for PBXNativeTarget "MemeMe v2 take 4" */;
			buildPhases = (
				8B858E432508A5AF003E19E2 /* Sources */,
				8B858E442508A5AF003E19E2 /* Frameworks */,
				8B858E452508A5AF003E19E2 /* Resources */,
			);
			buildRules = (
			);
			dependencies = (
			);
			name = "MemeMe v2 take 4";
			productName = "MemeMe v2 take 4";
			productReference = 8B858E472508A5AF003E19E2 /* MemeMe v2 take 4.app */;
			productType = "com.apple.product-type.application";
		};
/* End PBXNativeTarget section */

/* Begin PBXProject section */
		8B858E3F2508A5AF003E19E2 /* Project object */ = {
			isa = PBXProject;
			attributes = {
				LastSwiftUpdateCheck = 1170;
				LastUpgradeCheck = 1170;
				ORGANIZATIONNAME = "Anan Yousef";
				TargetAttributes = {
					8B858E462508A5AF003E19E2 = {
						CreatedOnToolsVersion = 11.7;
					};
				};
			};
			buildConfigurationList = 8B858E422508A5AF003E19E2 /* Build configuration list for PBXProject "MemeMe v2 take 4" */;
			compatibilityVersion = "Xcode 9.3";
			developmentRegion = en;
			hasScannedForEncodings = 0;
			knownRegions = (
				en,
				Base,
			);
			mainGroup = 8B858E3E2508A5AF003E19E2;
			productRefGroup = 8B858E482508A5AF003E19E2 /* Products */;
			projectDirPath = "";
			projectRoot = "";
			targets = (
				8B858E462508A5AF003E19E2 /* MemeMe v2 take 4 */,
			);
		};
/* End PBXProject section */

/* Begin PBXResourcesBuildPhase section */
		8B858E452508A5AF003E19E2 /* Resources */ = {
			isa = PBXResourcesBuildPhase;
			buildActionMask = 2147483647;
			files = (
				8B858E572508A5B4003E19E2 /* LaunchScreen.storyboard in Resources */,
				8B858E542508A5B4003E19E2 /* Assets.xcassets in Resources */,
				8B858E522508A5AF003E19E2 /* Main.storyboard in Resources */,
			);
			runOnlyForDeploymentPostprocessing = 0;
		};
/* End PBXResourcesBuildPhase section */

/* Begin PBXSourcesBuildPhase section */
		8B858E432508A5AF003E19E2 /* Sources */ = {
			isa = PBXSourcesBuildPhase;
			buildActionMask = 2147483647;
			files = (
				8B858E672508A9CD003E19E2 /* MemeCollectionViewCell.swift in Sources */,
				8B858E6D2508B42D003E19E2 /* MemesTableViewCell.swift in Sources */,
				8B858E652508A718003E19E2 /* ViewController.swift in Sources */,
				8B858E5F2508A603003E19E2 /* Meme.swift in Sources */,
				8B858E4B2508A5AF003E19E2 /* AppDelegate.swift in Sources */,
				8B858E692508B014003E19E2 /* MemeCollectionViewController.swift in Sources */,
				8B858E612508A625003E19E2 /* textClearDelegate.swift in Sources */,
				8B858E6F2508B561003E19E2 /* MemesTableViewController.swift in Sources */,
				8B858E4D2508A5AF003E19E2 /* SceneDelegate.swift in Sources */,
				8B858E6B2508B102003E19E2 /* DetailViewController.swift in Sources */,
				8B858E712508B6CF003E19E2 /* tabController.swift in Sources */,
			);
			runOnlyForDeploymentPostprocessing = 0;
		};
/* End PBXSourcesBuildPhase section */

/* Begin PBXVariantGroup section */
		8B858E502508A5AF003E19E2 /* Main.storyboard */ = {
			isa = PBXVariantGroup;
			children = (
				8B858E512508A5AF003E19E2 /* Base */,
			);
			name = Main.storyboard;
			sourceTree = "<group>";
		};
		8B858E552508A5B4003E19E2 /* LaunchScreen.storyboard */ = {
			isa = PBXVariantGroup;
			children = (
				8B858E562508A5B4003E19E2 /* Base */,
			);
			name = LaunchScreen.storyboard;
			sourceTree = "<group>";
		};
/* End PBXVariantGroup section */

/* Begin XCBuildConfiguration section */
		8B858E592508A5B4003E19E2 /* Debug */ = {
			isa = XCBuildConfiguration;
			buildSettings = {
				ALWAYS_SEARCH_USER_PATHS = NO;
				CLANG_ANALYZER_NONNULL = YES;
				CLANG_ANALYZER_NUMBER_OBJECT_CONVERSION = YES_AGGRESSIVE;
				CLANG_CXX_LANGUAGE_STANDARD = "gnu++14";
				CLANG_CXX_LIBRARY = "libc++";
				CLANG_ENABLE_MODULES = YES;
				CLANG_ENABLE_OBJC_ARC = YES;
				CLANG_ENABLE_OBJC_WEAK = YES;
				CLANG_WARN_BLOCK_CAPTURE_AUTORELEASING = YES;
				CLANG_WARN_BOOL_CONVERSION = YES;
				CLANG_WARN_COMMA = YES;
				CLANG_WARN_CONSTANT_CONVERSION = YES;
				CLANG_WARN_DEPRECATED_OBJC_IMPLEMENTATIONS = YES;
				CLANG_WARN_DIRECT_OBJC_ISA_USAGE = YES_ERROR;
				CLANG_WARN_DOCUMENTATION_COMMENTS = YES;
				CLANG_WARN_EMPTY_BODY = YES;
				CLANG_WARN_ENUM_CONVERSION = YES;
				CLANG_WARN_INFINITE_RECURSION = YES;
				CLANG_WARN_INT_CONVERSION = YES;
				CLANG_WARN_NON_LITERAL_NULL_CONVERSION = YES;
				CLANG_WARN_OBJC_IMPLICIT_RETAIN_SELF = YES;
				CLANG_WARN_OBJC_LITERAL_CONVERSION = YES;
				CLANG_WARN_OBJC_ROOT_CLASS = YES_ERROR;
				CLANG_WARN_RANGE_LOOP_ANALYSIS = YES;
				CLANG_WARN_STRICT_PROTOTYPES = YES;
				CLANG_WARN_SUSPICIOUS_MOVE = YES;
				CLANG_WARN_UNGUARDED_AVAILABILITY = YES_AGGRESSIVE;
				CLANG_WARN_UNREACHABLE_CODE = YES;
				CLANG_WARN__DUPLICATE_METHOD_MATCH = YES;
				COPY_PHASE_STRIP = NO;
				DEBUG_INFORMATION_FORMAT = dwarf;
				ENABLE_STRICT_OBJC_MSGSEND = YES;
				ENABLE_TESTABILITY = YES;
				GCC_C_LANGUAGE_STANDARD = gnu11;
				GCC_DYNAMIC_NO_PIC = NO;
				GCC_NO_COMMON_BLOCKS = YES;
				GCC_OPTIMIZATION_LEVEL = 0;
				GCC_PREPROCESSOR_DEFINITIONS = (
					"DEBUG=1",
					"$(inherited)",
				);
				GCC_WARN_64_TO_32_BIT_CONVERSION = YES;
				GCC_WARN_ABOUT_RETURN_TYPE = YES_ERROR;
				GCC_WARN_UNDECLARED_SELECTOR = YES;
				GCC_WARN_UNINITIALIZED_AUTOS = YES_AGGRESSIVE;
				GCC_WARN_UNUSED_FUNCTION = YES;
				GCC_WARN_UNUSED_VARIABLE = YES;
				IPHONEOS_DEPLOYMENT_TARGET = 13.7;
				MTL_ENABLE_DEBUG_INFO = INCLUDE_SOURCE;
				MTL_FAST_MATH = YES;
				ONLY_ACTIVE_ARCH = YES;
				SDKROOT = iphoneos;
				SWIFT_ACTIVE_COMPILATION_CONDITIONS = DEBUG;
				SWIFT_OPTIMIZATION_LEVEL = "-Onone";
			};
			name = Debug;
		};
		8B858E5A2508A5B4003E19E2 /* Release */ = {
			isa = XCBuildConfiguration;
			buildSettings = {
				ALWAYS_SEARCH_USER_PATHS = NO;
				CLANG_ANALYZER_NONNULL = YES;
				CLANG_ANALYZER_NUMBER_OBJECT_CONVERSION = YES_AGGRESSIVE;
				CLANG_CXX_LANGUAGE_STANDARD = "gnu++14";
				CLANG_CXX_LIBRARY = "libc++";
				CLANG_ENABLE_MODULES = YES;
				CLANG_ENABLE_OBJC_ARC = YES;
				CLANG_ENABLE_OBJC_WEAK = YES;
				CLANG_WARN_BLOCK_CAPTURE_AUTORELEASING = YES;
				CLANG_WARN_BOOL_CONVERSION = YES;
				CLANG_WARN_COMMA = YES;
				CLANG_WARN_CONSTANT_CONVERSION = YES;
				CLANG_WARN_DEPRECATED_OBJC_IMPLEMENTATIONS = YES;
				CLANG_WARN_DIRECT_OBJC_ISA_USAGE = YES_ERROR;
				CLANG_WARN_DOCUMENTATION_COMMENTS = YES;
				CLANG_WARN_EMPTY_BODY = YES;
				CLANG_WARN_ENUM_CONVERSION = YES;
				CLANG_WARN_INFINITE_RECURSION = YES;
				CLANG_WARN_INT_CONVERSION = YES;
				CLANG_WARN_NON_LITERAL_NULL_CONVERSION = YES;
				CLANG_WARN_OBJC_IMPLICIT_RETAIN_SELF = YES;
				CLANG_WARN_OBJC_LITERAL_CONVERSION = YES;
				CLANG_WARN_OBJC_ROOT_CLASS = YES_ERROR;
				CLANG_WARN_RANGE_LOOP_ANALYSIS = YES;
				CLANG_WARN_STRICT_PROTOTYPES = YES;
				CLANG_WARN_SUSPICIOUS_MOVE = YES;
				CLANG_WARN_UNGUARDED_AVAILABILITY = YES_AGGRESSIVE;
				CLANG_WARN_UNREACHABLE_CODE = YES;
				CLANG_WARN__DUPLICATE_METHOD_MATCH = YES;
				COPY_PHASE_STRIP = NO;
				DEBUG_INFORMATION_FORMAT = "dwarf-with-dsym";
				ENABLE_NS_ASSERTIONS = NO;
				ENABLE_STRICT_OBJC_MSGSEND = YES;
				GCC_C_LANGUAGE_STANDARD = gnu11;
				GCC_NO_COMMON_BLOCKS = YES;
				GCC_WARN_64_TO_32_BIT_CONVERSION = YES;
				GCC_WARN_ABOUT_RETURN_TYPE = YES_ERROR;
				GCC_WARN_UNDECLARED_SELECTOR = YES;
				GCC_WARN_UNINITIALIZED_AUTOS = YES_AGGRESSIVE;
				GCC_WARN_UNUSED_FUNCTION = YES;
				GCC_WARN_UNUSED_VARIABLE = YES;
				IPHONEOS_DEPLOYMENT_TARGET = 13.7;
				MTL_ENABLE_DEBUG_INFO = NO;
				MTL_FAST_MATH = YES;
				SDKROOT = iphoneos;
				SWIFT_COMPILATION_MODE = wholemodule;
				SWIFT_OPTIMIZATION_LEVEL = "-O";
				VALIDATE_PRODUCT = YES;
			};
			name = Release;
		};
		8B858E5C2508A5B4003E19E2 /* Debug */ = {
			isa = XCBuildConfiguration;
			buildSettings = {
				ASSETCATALOG_COMPILER_APPICON_NAME = AppIcon;
				CODE_SIGN_STYLE = Automatic;
				DEVELOPMENT_TEAM = VHBW72T8M6;
				INFOPLIST_FILE = "MemeMe v2 take 4/Info.plist";
				LD_RUNPATH_SEARCH_PATHS = (
					"$(inherited)",
					"@executable_path/Frameworks",
				);
				PRODUCT_BUNDLE_IDENTIFIER = "pal.MemeMe-v2-take-4";
				PRODUCT_NAME = "$(TARGET_NAME)";
				SWIFT_VERSION = 5.0;
				TARGETED_DEVICE_FAMILY = "1,2";
			};
			name = Debug;
		};
		8B858E5D2508A5B4003E19E2 /* Release */ = {
			isa = XCBuildConfiguration;
			buildSettings = {
				ASSETCATALOG_COMPILER_APPICON_NAME = AppIcon;
				CODE_SIGN_STYLE = Automatic;
				DEVELOPMENT_TEAM = VHBW72T8M6;
				INFOPLIST_FILE = "MemeMe v2 take 4/Info.plist";
				LD_RUNPATH_SEARCH_PATHS = (
					"$(inherited)",
					"@executable_path/Frameworks",
				);
				PRODUCT_BUNDLE_IDENTIFIER = "pal.MemeMe-v2-take-4";
				PRODUCT_NAME = "$(TARGET_NAME)";
				SWIFT_VERSION = 5.0;
				TARGETED_DEVICE_FAMILY = "1,2";
			};
			name = Release;
		};
/* End XCBuildConfiguration section */

/* Begin XCConfigurationList section */
		8B858E422508A5AF003E19E2 /* Build configuration list for PBXProject "MemeMe v2 take 4" */ = {
			isa = XCConfigurationList;
			buildConfigurations = (
				8B858E592508A5B4003E19E2 /* Debug */,
				8B858E5A2508A5B4003E19E2 /* Release */,
			);
			defaultConfigurationIsVisible = 0;
			defaultConfigurationName = Release;
		};
		8B858E5B2508A5B4003E19E2 /* Build configuration list for PBXNativeTarget "MemeMe v2 take 4" */ = {
			isa = XCConfigurationList;
			buildConfigurations = (
				8B858E5C2508A5B4003E19E2 /* Debug */,
				8B858E5D2508A5B4003E19E2 /* Release */,
			);
			defaultConfigurationIsVisible = 0;
			defaultConfigurationName = Release;
		};
/* End XCConfigurationList section */
	};
	rootObject = 8B858E3F2508A5AF003E19E2 /* Project object */;
}
